
Microsoft Visual Studio Solution File, Format Version 12.00
# Visual Studio Version 17
VisualStudioVersion = 17.1.32328.378
MinimumVisualStudioVersion = 10.0.40219.1
Project("{FAE04EC0-301F-11D3-BF4B-00C04F79EFBC}") = "DapperCrudAPI", "DapperCrudAPI\DapperCrudAPI.csproj", "{B90A4355-4BA2-45F5-8B63-3B660366808F}"
EndProject
Global
	GlobalSection(SolutionConfigurationPlatforms) = preSolution
		Debug|Any CPU = Debug|Any CPU
		Release|Any CPU = Release|Any CPU
	EndGlobalSection
	GlobalSection(ProjectConfigurationPlatforms) = postSolution
		{B90A4355-4BA2-45F5-8B63-3B660366808F}.Debug|Any CPU.ActiveCfg = Debug|Any CPU
		{B90A4355-4BA2-45F5-8B63-3B660366808F}.Debug|Any CPU.Build.0 = Debug|Any CPU
		{B90A4355-4BA2-45F5-8B63-3B660366808F}.Release|Any CPU.ActiveCfg = Release|Any CPU
		{B90A4355-4BA2-45F5-8B63-3B660366808F}.Release|Any CPU.Build.0 = Release|Any CPU
	EndGlobalSection
	GlobalSection(SolutionProperties) = preSolution
		HideSolutionNode = FALSE
	EndGlobalSection
	GlobalSection(ExtensibilityGlobals) = postSolution
		SolutionGuid = {8D355459-BF15-48F3-90D9-AF196F2F3F14}
	EndGlobalSection
EndGlobal
